
Microsoft Visual Studio Solution File, Format Version 12.00
# Visual Studio Version 16
VisualStudioVersion = 16.0.31410.357
MinimumVisualStudioVersion = 10.0.40219.1
Project("{8BC9CEB8-8B4A-11D0-8D11-00A0C91BC942}") = "FactoryTest", "FactoryTest\FactoryTest.vcxproj", "{0CD51A83-4D9D-4AA8-80CB-51DC03DBD3A2}"
EndProject
Global
	GlobalSection(SolutionConfigurationPlatforms) = preSolution
		Debug|x64 = Debug|x64
		Debug|x86 = Debug|x86
		Release|x64 = Release|x64
		Release|x86 = Release|x86
	EndGlobalSection
	GlobalSection(ProjectConfigurationPlatforms) = postSolution
		{0CD51A83-4D9D-4AA8-80CB-51DC03DBD3A2}.Debug|x64.ActiveCfg = Debug|x64
		{0CD51A83-4D9D-4AA8-80CB-51DC03DBD3A2}.Debug|x64.Build.0 = Debug|x64
		{0CD51A83-4D9D-4AA8-80CB-51DC03DBD3A2}.Debug|x86.ActiveCfg = Debug|Win32
		{0CD51A83-4D9D-4AA8-80CB-51DC03DBD3A2}.Debug|x86.Build.0 = Debug|Win32
		{0CD51A83-4D9D-4AA8-80CB-51DC03DBD3A2}.Release|x64.ActiveCfg = Release|x64
		{0CD51A83-4D9D-4AA8-80CB-51DC03DBD3A2}.Release|x64.Build.0 = Release|x64
		{0CD51A83-4D9D-4AA8-80CB-51DC03DBD3A2}.Release|x86.ActiveCfg = Release|Win32
		{0CD51A83-4D9D-4AA8-80CB-51DC03DBD3A2}.Release|x86.Build.0 = Release|Win32
	EndGlobalSection
	GlobalSection(SolutionProperties) = preSolution
		HideSolutionNode = FALSE
	EndGlobalSection
	GlobalSection(ExtensibilityGlobals) = postSolution
		SolutionGuid = {02433C0E-A991-4242-BC9D-396C56CA8DFF}
	EndGlobalSection
EndGlobal
